{
  "nodes": {
    "emacs-overlay": {
      "inputs": {
        "flake-utils": [
          "flake-utils"
        ],
        "nixpkgs": [
          "nixpkgs"
        ]
      },
      "locked": {
        "lastModified": 1677061209,
        "narHash": "sha256-WIddVDpQy1d5xA/hKT8z9WwqlcP+RRIAy0cTUtWU7bg=",
        "owner": "nix-community",
        "repo": "emacs-overlay",
        "rev": "6c39228d24c69ff0d52aedb8c9976bb796ebda2a",
        "type": "github"
      },
      "original": {
        "owner": "nix-community",
        "repo": "emacs-overlay",
        "type": "github"
      }
    },
    "flake-utils": {
      "locked": {
        "lastModified": 1676283394,
        "narHash": "sha256-XX2f9c3iySLCw54rJ/CZs+ZK6IQy7GXNY4nSOyu2QG4=",
        "owner": "numtide",
        "repo": "flake-utils",
        "rev": "3db36a8b464d0c4532ba1c7dda728f4576d6d073",
        "type": "github"
      },
      "original": {
        "owner": "numtide",
        "repo": "flake-utils",
        "type": "github"
      }
    },
    "flake-utils_2": {
      "locked": {
        "lastModified": 1638122382,
        "narHash": "sha256-sQzZzAbvKEqN9s0bzWuYmRaA03v40gaJ4+iL1LXjaeI=",
        "owner": "numtide",
        "repo": "flake-utils",
        "rev": "74f7e4319258e287b0f9cb95426c9853b282730b",
        "type": "github"
      },
      "original": {
        "owner": "numtide",
        "repo": "flake-utils",
        "type": "github"
      }
    },
    "home-manager": {
      "inputs": {
        "nixpkgs": [
          "nixpkgs"
        ],
        "utils": "utils"
      },
      "locked": {
        "lastModified": 1677013990,
        "narHash": "sha256-HwAnE5MHsyLiRJp50KfDFPiiOZXI0Ts8hXpIh6yBilE=",
        "owner": "nix-community",
        "repo": "home-manager",
        "rev": "564b82b3542026e7fb5d0da16c56ae3e40e5c9dd",
        "type": "github"
      },
      "original": {
        "owner": "nix-community",
        "ref": "master",
        "repo": "home-manager",
        "type": "github"
      }
    },
    "nixos-cn": {
      "inputs": {
        "flake-utils": "flake-utils_2",
        "nixpkgs": [
          "nixpkgs"
        ]
      },
      "locked": {
        "lastModified": 1677030918,
        "narHash": "sha256-Gq85qk1+38lnHhgPzAVBYBKcWM42zHfc3ZR6D0Ctqb8=",
        "owner": "nixos-cn",
        "repo": "flakes",
        "rev": "c3392639c7a6190ced0cc1cd8854c747c552da10",
        "type": "github"
      },
      "original": {
        "owner": "nixos-cn",
        "repo": "flakes",
        "type": "github"
      }
    },
    "nixpkgs": {
      "locked": {
        "lastModified": 1676569297,
        "narHash": "sha256-2n4C4H3/U+3YbDrQB6xIw7AaLdFISCCFwOkcETAigqU=",
        "owner": "NixOS",
        "repo": "nixpkgs",
        "rev": "ac1f5b72a9e95873d1de0233fddcb56f99884b37",
        "type": "github"
      },
      "original": {
        "owner": "NixOS",
        "repo": "nixpkgs",
        "rev": "ac1f5b72a9e95873d1de0233fddcb56f99884b37",
        "type": "github"
      }
    },
    "nur": {
      "locked": {
        "lastModified": 1677051354,
        "narHash": "sha256-r5adVQTxUVLzg4wm5rr/p1g0wXB2u3c0SYvcNAGxUgQ=",
        "owner": "nix-community",
        "repo": "NUR",
        "rev": "004688f099616a6e5e077fbb1aebb5c921ac3bfa",
        "type": "github"
      },
      "original": {
        "owner": "nix-community",
        "repo": "NUR",
        "type": "github"
      }
    },
    "root": {
      "inputs": {
        "emacs-overlay": "emacs-overlay",
        "flake-utils": "flake-utils",
        "home-manager": "home-manager",
        "nixos-cn": "nixos-cn",
        "nixpkgs": "nixpkgs",
        "nur": "nur",
        "ylynur": "ylynur"
      }
    },
    "utils": {
      "locked": {
        "lastModified": 1667395993,
        "narHash": "sha256-nuEHfE/LcWyuSWnS8t12N1wc105Qtau+/OdUAjtQ0rA=",
        "owner": "numtide",
        "repo": "flake-utils",
        "rev": "5aed5285a952e0b949eb3ba02c12fa4fcfef535f",
        "type": "github"
      },
      "original": {
        "owner": "numtide",
        "repo": "flake-utils",
        "type": "github"
      }
    },
    "ylynur": {
      "inputs": {
        "nixpkgs": [
          "nixpkgs"
        ]
      },
      "locked": {
        "lastModified": 1677052107,
        "narHash": "sha256-WbFK2R5CHUMqUbGAXe4Ab2aq+awXvbSwsavJ+hJQQ6k=",
        "owner": "omi-coide",
        "repo": "my-nur-packages",
        "rev": "50abd464293651dd0f04c6e2b305f43c118fc375",
        "type": "github"
      },
      "original": {
        "owner": "omi-coide",
        "repo": "my-nur-packages",
        "rev": "50abd464293651dd0f04c6e2b305f43c118fc375",
        "type": "github"
      }
    }
  },
  "root": "root",
  "version": 7
}
